
Microsoft Visual Studio Solution File, Format Version 12.00
# Visual Studio Version 17
VisualStudioVersion = 17.5.33414.496
MinimumVisualStudioVersion = 10.0.40219.1
Project("{9A19103F-16F7-4668-BE54-9A1E7A4F7556}") = "Entities", "Entities\Entities.csproj", "{5B46592F-F469-45D3-9F7A-D682D6E66063}"
EndProject
Project("{9A19103F-16F7-4668-BE54-9A1E7A4F7556}") = "DataAccess", "DataAccess\DataAccess.csproj", "{166920C9-7CBE-4824-900A-72BD4784FEED}"
EndProject
Project("{9A19103F-16F7-4668-BE54-9A1E7A4F7556}") = "Business", "Business\Business.csproj", "{76993AF9-E3F0-4214-9B3B-B2701720E83B}"
EndProject
Project("{9A19103F-16F7-4668-BE54-9A1E7A4F7556}") = "ConsoleUI", "ConsoleUI\ConsoleUI.csproj", "{B420A212-B4A2-4C95-AA0B-1FF807FCFD3E}"
EndProject
Project("{FAE04EC0-301F-11D3-BF4B-00C04F79EFBC}") = "Core", "Core\Core.csproj", "{559D2293-454F-4BB3-B9D3-861E780237A4}"
EndProject
Global
	GlobalSection(SolutionConfigurationPlatforms) = preSolution
		Debug|Any CPU = Debug|Any CPU
		Release|Any CPU = Release|Any CPU
	EndGlobalSection
	GlobalSection(ProjectConfigurationPlatforms) = postSolution
		{5B46592F-F469-45D3-9F7A-D682D6E66063}.Debug|Any CPU.ActiveCfg = Debug|Any CPU
		{5B46592F-F469-45D3-9F7A-D682D6E66063}.Debug|Any CPU.Build.0 = Debug|Any CPU
		{5B46592F-F469-45D3-9F7A-D682D6E66063}.Release|Any CPU.ActiveCfg = Release|Any CPU
		{5B46592F-F469-45D3-9F7A-D682D6E66063}.Release|Any CPU.Build.0 = Release|Any CPU
		{166920C9-7CBE-4824-900A-72BD4784FEED}.Debug|Any CPU.ActiveCfg = Debug|Any CPU
		{166920C9-7CBE-4824-900A-72BD4784FEED}.Debug|Any CPU.Build.0 = Debug|Any CPU
		{166920C9-7CBE-4824-900A-72BD4784FEED}.Release|Any CPU.ActiveCfg = Release|Any CPU
		{166920C9-7CBE-4824-900A-72BD4784FEED}.Release|Any CPU.Build.0 = Release|Any CPU
		{76993AF9-E3F0-4214-9B3B-B2701720E83B}.Debug|Any CPU.ActiveCfg = Debug|Any CPU
		{76993AF9-E3F0-4214-9B3B-B2701720E83B}.Debug|Any CPU.Build.0 = Debug|Any CPU
		{76993AF9-E3F0-4214-9B3B-B2701720E83B}.Release|Any CPU.ActiveCfg = Release|Any CPU
		{76993AF9-E3F0-4214-9B3B-B2701720E83B}.Release|Any CPU.Build.0 = Release|Any CPU
		{B420A212-B4A2-4C95-AA0B-1FF807FCFD3E}.Debug|Any CPU.ActiveCfg = Debug|Any CPU
		{B420A212-B4A2-4C95-AA0B-1FF807FCFD3E}.Debug|Any CPU.Build.0 = Debug|Any CPU
		{B420A212-B4A2-4C95-AA0B-1FF807FCFD3E}.Release|Any CPU.ActiveCfg = Release|Any CPU
		{B420A212-B4A2-4C95-AA0B-1FF807FCFD3E}.Release|Any CPU.Build.0 = Release|Any CPU
		{559D2293-454F-4BB3-B9D3-861E780237A4}.Debug|Any CPU.ActiveCfg = Debug|Any CPU
		{559D2293-454F-4BB3-B9D3-861E780237A4}.Debug|Any CPU.Build.0 = Debug|Any CPU
		{559D2293-454F-4BB3-B9D3-861E780237A4}.Release|Any CPU.ActiveCfg = Release|Any CPU
		{559D2293-454F-4BB3-B9D3-861E780237A4}.Release|Any CPU.Build.0 = Release|Any CPU
	EndGlobalSection
	GlobalSection(SolutionProperties) = preSolution
		HideSolutionNode = FALSE
	EndGlobalSection
	GlobalSection(ExtensibilityGlobals) = postSolution
		SolutionGuid = {CD889E58-F9C6-4B12-A158-62856B16F019}
	EndGlobalSection
EndGlobal
